speakeasyVersion: 1.687.1
sources:
    kintsugi-overlay:
        sourceNamespace: kintsugi-overlay
        sourceRevisionDigest: sha256:740eff30269e49ca4d2be4e4928c98453410100662693b3498eb7d99e3248b92
        sourceBlobDigest: sha256:b4d49424e73aebed0baefdb473151a4b676be0913cfe83af8a2af39881ed32ff
        tags:
            - latest
            - speakeasy-sdk-regen-1768351022
            - 1.0.0
targets:
    typescript:
        source: kintsugi-overlay
        sourceNamespace: kintsugi-overlay
        sourceRevisionDigest: sha256:740eff30269e49ca4d2be4e4928c98453410100662693b3498eb7d99e3248b92
        sourceBlobDigest: sha256:b4d49424e73aebed0baefdb473151a4b676be0913cfe83af8a2af39881ed32ff
        codeSamplesNamespace: kintsugi-overlay-typescript-code-samples
        codeSamplesRevisionDigest: sha256:e943165c3598f6d12d7505de2a9651168e7456cadda1fea8b171d2b1c211bdc0
workflow:
    workflowVersion: 1.0.0
    speakeasyVersion: latest
    sources:
        kintsugi-overlay:
            inputs:
                - location: https://api-doc.trykintsugi.com/openapi.json
            overlays:
                - location: .speakeasy/speakeasy-modifications-overlay-1.yaml
            output: output.yaml
            registry:
                location: registry.speakeasyapi.dev/kintsugi-ai/tax-platform/kintsugi-overlay
    targets:
        typescript:
            target: typescript
            source: kintsugi-overlay
            publish:
                npm:
                    token: $npm_token
            codeSamples:
                registry:
                    location: registry.speakeasyapi.dev/kintsugi-ai/tax-platform/kintsugi-overlay-typescript-code-samples
                labelOverride:
                    fixedValue: Typescript (SDK)
                blocking: false
