speakeasyVersion: 1.586.0
sources:
    kintsugi-overlay:
        sourceNamespace: kintsugi-overlay
        sourceRevisionDigest: sha256:c224a8823ffb99d0a9035e97c133b0899e7a7d8f9cddef71676fa4db084168e6
        sourceBlobDigest: sha256:fdcdb31235b66051d06ccfd2f56e2006cd42c650eb64e6fe70e6e9ab54662973
        tags:
            - latest
            - speakeasy-sdk-regen-1753201946
            - 1.0.0
targets:
    typescript:
        source: kintsugi-overlay
        sourceNamespace: kintsugi-overlay
        sourceRevisionDigest: sha256:c224a8823ffb99d0a9035e97c133b0899e7a7d8f9cddef71676fa4db084168e6
        sourceBlobDigest: sha256:fdcdb31235b66051d06ccfd2f56e2006cd42c650eb64e6fe70e6e9ab54662973
        codeSamplesNamespace: kintsugi-overlay-typescript-code-samples
        codeSamplesRevisionDigest: sha256:b346732755878c9117cc58f10cc4efaad2728fb9edb1399e1682ebbe613ff70a
workflow:
    workflowVersion: 1.0.0
    speakeasyVersion: latest
    sources:
        kintsugi-overlay:
            inputs:
                - location: https://api.trykintsugi.com/openapi.json
            overlays:
                - location: ./overlay.yaml
                - location: .speakeasy/speakeasy-modifications-overlay.yaml
            output: output.yaml
            registry:
                location: registry.speakeasyapi.dev/kintsugi-ai/tax-platform/kintsugi-overlay
    targets:
        typescript:
            target: typescript
            source: kintsugi-overlay
            publish:
                npm:
                    token: $npm_token
            codeSamples:
                registry:
                    location: registry.speakeasyapi.dev/kintsugi-ai/tax-platform/kintsugi-overlay-typescript-code-samples
                labelOverride:
                    fixedValue: Typescript (SDK)
                blocking: false
