speakeasyVersion: 1.595.0
sources:
    kintsugi-overlay:
        sourceNamespace: kintsugi-overlay
        sourceRevisionDigest: sha256:d8ce433083d99f0a6a72c66e61fc3465b580d6006a5671d5f18086ce38688d7f
        sourceBlobDigest: sha256:a711a3982283ca41b0419db4d24ccb42b2c39dfd89d79eb2ba23154acdaa6ebc
        tags:
            - latest
            - speakeasy-sdk-regen-1754008783
            - 1.0.0
targets:
    typescript:
        source: kintsugi-overlay
        sourceNamespace: kintsugi-overlay
        sourceRevisionDigest: sha256:d8ce433083d99f0a6a72c66e61fc3465b580d6006a5671d5f18086ce38688d7f
        sourceBlobDigest: sha256:a711a3982283ca41b0419db4d24ccb42b2c39dfd89d79eb2ba23154acdaa6ebc
        codeSamplesNamespace: kintsugi-overlay-typescript-code-samples
        codeSamplesRevisionDigest: sha256:7266dec1a764a16a4c91246bbd93081442b199382008017b2ff03a7729728162
workflow:
    workflowVersion: 1.0.0
    speakeasyVersion: latest
    sources:
        kintsugi-overlay:
            inputs:
                - location: https://api-doc.trykintsugi.com/openapi.json
            overlays:
                - location: .speakeasy/speakeasy-modifications-overlay-1.yaml
            output: output.yaml
            registry:
                location: registry.speakeasyapi.dev/kintsugi-ai/tax-platform/kintsugi-overlay
    targets:
        typescript:
            target: typescript
            source: kintsugi-overlay
            publish:
                npm:
                    token: $npm_token
            codeSamples:
                registry:
                    location: registry.speakeasyapi.dev/kintsugi-ai/tax-platform/kintsugi-overlay-typescript-code-samples
                labelOverride:
                    fixedValue: Typescript (SDK)
                blocking: false
